
Microsoft Visual Studio Solution File, Format Version 12.00
# Visual Studio Version 16
VisualStudioVersion = 16.0.31025.194
MinimumVisualStudioVersion = 10.0.40219.1
Project("{FAE04EC0-301F-11D3-BF4B-00C04F79EFBC}") = "Eksamensproject", "Eksamensproject\Eksamensproject.csproj", "{AE6B90E4-091B-496E-A729-01E63FE9EDAA}"
EndProject
Global
	GlobalSection(SolutionConfigurationPlatforms) = preSolution
		Debug|Any CPU = Debug|Any CPU
		Release|Any CPU = Release|Any CPU
	EndGlobalSection
	GlobalSection(ProjectConfigurationPlatforms) = postSolution
		{AE6B90E4-091B-496E-A729-01E63FE9EDAA}.Debug|Any CPU.ActiveCfg = Debug|Any CPU
		{AE6B90E4-091B-496E-A729-01E63FE9EDAA}.Debug|Any CPU.Build.0 = Debug|Any CPU
		{AE6B90E4-091B-496E-A729-01E63FE9EDAA}.Release|Any CPU.ActiveCfg = Release|Any CPU
		{AE6B90E4-091B-496E-A729-01E63FE9EDAA}.Release|Any CPU.Build.0 = Release|Any CPU
	EndGlobalSection
	GlobalSection(SolutionProperties) = preSolution
		HideSolutionNode = FALSE
	EndGlobalSection
	GlobalSection(ExtensibilityGlobals) = postSolution
		SolutionGuid = {1B05AAB6-A007-4783-ABEE-E600377D3199}
	EndGlobalSection
EndGlobal
